
Microsoft Visual Studio Solution File, Format Version 12.00
# Visual Studio Version 16
VisualStudioVersion = 16.0.32126.315
MinimumVisualStudioVersion = 10.0.40219.1
Project("{FAE04EC0-301F-11D3-BF4B-00C04F79EFBC}") = "ECommerce", "ECommerce\ECommerce.csproj", "{B77C1C64-41A3-4A69-82A3-F99D52DF6F2F}"
EndProject
Global
	GlobalSection(SolutionConfigurationPlatforms) = preSolution
		Debug|Any CPU = Debug|Any CPU
		Release|Any CPU = Release|Any CPU
	EndGlobalSection
	GlobalSection(ProjectConfigurationPlatforms) = postSolution
		{B77C1C64-41A3-4A69-82A3-F99D52DF6F2F}.Debug|Any CPU.ActiveCfg = Debug|Any CPU
		{B77C1C64-41A3-4A69-82A3-F99D52DF6F2F}.Debug|Any CPU.Build.0 = Debug|Any CPU
		{B77C1C64-41A3-4A69-82A3-F99D52DF6F2F}.Release|Any CPU.ActiveCfg = Release|Any CPU
		{B77C1C64-41A3-4A69-82A3-F99D52DF6F2F}.Release|Any CPU.Build.0 = Release|Any CPU
	EndGlobalSection
	GlobalSection(SolutionProperties) = preSolution
		HideSolutionNode = FALSE
	EndGlobalSection
	GlobalSection(ExtensibilityGlobals) = postSolution
		SolutionGuid = {2B06C75E-C607-4622-BD16-88938E040B56}
	EndGlobalSection
EndGlobal
